
Microsoft Visual Studio Solution File, Format Version 12.00
# Visual Studio Version 17
VisualStudioVersion = 17.1.32421.90
MinimumVisualStudioVersion = 10.0.40219.1
Project("{FAE04EC0-301F-11D3-BF4B-00C04F79EFBC}") = "WPF_Learn", "WPF_Learn.csproj", "{5B81C678-9909-4643-9EE7-06D2FCBBCC74}"
EndProject
Global
	GlobalSection(SolutionConfigurationPlatforms) = preSolution
		Debug|Any CPU = Debug|Any CPU
		Release|Any CPU = Release|Any CPU
	EndGlobalSection
	GlobalSection(ProjectConfigurationPlatforms) = postSolution
		{5B81C678-9909-4643-9EE7-06D2FCBBCC74}.Debug|Any CPU.ActiveCfg = Debug|Any CPU
		{5B81C678-9909-4643-9EE7-06D2FCBBCC74}.Debug|Any CPU.Build.0 = Debug|Any CPU
		{5B81C678-9909-4643-9EE7-06D2FCBBCC74}.Release|Any CPU.ActiveCfg = Release|Any CPU
		{5B81C678-9909-4643-9EE7-06D2FCBBCC74}.Release|Any CPU.Build.0 = Release|Any CPU
	EndGlobalSection
	GlobalSection(SolutionProperties) = preSolution
		HideSolutionNode = FALSE
	EndGlobalSection
	GlobalSection(ExtensibilityGlobals) = postSolution
		SolutionGuid = {3C435C2C-2443-470A-9C17-6A6B9769B67D}
	EndGlobalSection
EndGlobal
